# THIS IS AN AUTOGENERATED FILE. DO NOT EDIT THIS FILE DIRECTLY.
# yarn lockfile v1


"@types/node@*":
  version "12.6.2"
  resolved "https://registry.yarnpkg.com/@types/node/-/node-12.6.2.tgz#a5ccec6abb6060d5f20d256fb03ed743e9774999"
  integrity sha512-gojym4tX0FWeV2gsW4Xmzo5wxGjXGm550oVUII7f7G5o4BV6c7DBdiG1RRQd+y1bvqRyYtPfMK85UM95vsapqQ==

any-promise@^1.3.0:
  version "1.3.0"
  resolved "https://registry.yarnpkg.com/any-promise/-/any-promise-1.3.0.tgz#abc6afeedcea52e809cdc0376aed3ce39635d17f"
  integrity sha1-q8av7tzqUugJzcA3au0845Y10X8=

base64-js@^1.0.2:
  version "1.3.0"
  resolved "https://registry.yarnpkg.com/base64-js/-/base64-js-1.3.0.tgz#cab1e6118f051095e58b5281aea8c1cd22bfc0e3"
  integrity sha512-ccav/yGvoa80BQDljCxsmmQ3Xvx60/UpBIij5QN21W3wBi/hhIC9OoO+KLpu9IJTS9j4DRVJ3aDDF9cMSoa2lw==

bluebird@^3.4.6, bluebird@^3.5.0:
  version "3.5.5"
  resolved "https://registry.yarnpkg.com/bluebird/-/bluebird-3.5.5.tgz#a8d0afd73251effbbd5fe384a77d73003c17a71f"
  integrity sha512-5am6HnnfN+urzt4yfg7IgTbotDjIT/u8AJpEt0sIU9FtXfVeezXAPKswrG+xKUCOYAINpSdgZVDU6QFh+cuH3w==

buffer@^5.1.0:
  version "5.2.1"
  resolved "https://registry.yarnpkg.com/buffer/-/buffer-5.2.1.tgz#dd57fa0f109ac59c602479044dca7b8b3d0b71d6"
  integrity sha512-c+Ko0loDaFfuPWiL02ls9Xd3GO3cPVmUobQ6t3rXNUk304u6hGq+8N/kFi+QEIKhzK3uwolVhLzszmfLmMLnqg==
  dependencies:
    base64-js "^1.0.2"
    ieee754 "^1.1.4"

bufferpack@>=0.0.6:
  version "0.0.6"
  resolved "https://registry.yarnpkg.com/bufferpack/-/bufferpack-0.0.6.tgz#fb3d8738a0e1e4e03bcff99f9a75f9ec18a9d73e"
  integrity sha1-+z2HOKDh5OA7z/mfmnX57Bip1z4=

cls-bluebird@^2.1.0:
  version "2.1.0"
  resolved "https://registry.yarnpkg.com/cls-bluebird/-/cls-bluebird-2.1.0.tgz#37ef1e080a8ffb55c2f4164f536f1919e7968aee"
  integrity sha1-N+8eCAqP+1XC9BZPU28ZGeeWiu4=
  dependencies:
    is-bluebird "^1.0.2"
    shimmer "^1.1.0"

crc32@^0.2.2:
  version "0.2.2"
  resolved "https://registry.yarnpkg.com/crc32/-/crc32-0.2.2.tgz#7ad220d6ffdcd119f9fc127a7772cacea390a4ba"
  integrity sha1-etIg1v/c0Rn5/BJ6d3LKzqOQpLo=

crc@^3.8.0:
  version "3.8.0"
  resolved "https://registry.yarnpkg.com/crc/-/crc-3.8.0.tgz#ad60269c2c856f8c299e2c4cc0de4556914056c6"
  integrity sha512-iX3mfgcTMIq3ZKLIsVFAbv7+Mc10kxabAGQb8HvjA1o3T1PIYprbakQ65d3I+2HGHt6nSKkM9PYjgoJO2KcFBQ==
  dependencies:
    buffer "^5.1.0"

deap@^1.0.0:
  version "1.0.1"
  resolved "https://registry.yarnpkg.com/deap/-/deap-1.0.1.tgz#0646e9e1a095ffe8a9e404d68d1f76dcf57e66fb"
  integrity sha512-k75KYNZMvwAwes2xIPry/QTffXIchjD8QfABvvfTr80P85jv5ZcKqcoDo+vMe71nNnVnXYe8MA28weyqcf/DKw==

debug@>=0.5.0, debug@^4.1.1:
  version "4.1.1"
  resolved "https://registry.yarnpkg.com/debug/-/debug-4.1.1.tgz#3b72260255109c6b589cee050f1d516139664791"
  integrity sha512-pYAIzeRo8J6KPEaJ0VWOh5Pzkbw/RetuzehGM7QRRX5he4fPHx2rdKMB256ehJCkX+XRQm16eZLqLNS8RSZXZw==
  dependencies:
    ms "^2.1.1"

dottie@^2.0.0:
  version "2.0.1"
  resolved "https://registry.yarnpkg.com/dottie/-/dottie-2.0.1.tgz#697ad9d72004db7574d21f892466a3c285893659"
  integrity sha512-ch5OQgvGDK2u8pSZeSYAQaV/lczImd7pMJ7BcEPXmnFVjy4yJIzP6CsODJUTH8mg1tyH1Z2abOiuJO3DjZ/GBw==

ieee754@^1.1.4:
  version "1.1.13"
  resolved "https://registry.yarnpkg.com/ieee754/-/ieee754-1.1.13.tgz#ec168558e95aa181fd87d37f55c32bbcb6708b84"
  integrity sha512-4vf7I2LYV/HaWerSo3XmlMkp5eZ83i+/CDluXi/IGTs/O1sejBNhTtnxzmRZfvOUqj7lZjqHkeTvpgSFDlWZTg==

inflection@1.12.0:
  version "1.12.0"
  resolved "https://registry.yarnpkg.com/inflection/-/inflection-1.12.0.tgz#a200935656d6f5f6bc4dc7502e1aecb703228416"
  integrity sha1-ogCTVlbW9fa8TcdQLhrstwMihBY=

is-bluebird@^1.0.2:
  version "1.0.2"
  resolved "https://registry.yarnpkg.com/is-bluebird/-/is-bluebird-1.0.2.tgz#096439060f4aa411abee19143a84d6a55346d6e2"
  integrity sha1-CWQ5Bg9KpBGr7hkUOoTWpVNG1uI=

lodash@^4.17.11:
  version "4.17.14"
  resolved "https://registry.yarnpkg.com/lodash/-/lodash-4.17.14.tgz#9ce487ae66c96254fe20b599f21b6816028078ba"
  integrity sha512-mmKYbW3GLuJeX+iGP+Y7Gp1AiGHGbXHCOh/jZmrawMmsE7MS4znI3RL2FsjbqOyMayHInjOeykW7PEajUk1/xw==

moment-timezone@^0.5.21:
  version "0.5.26"
  resolved "https://registry.yarnpkg.com/moment-timezone/-/moment-timezone-0.5.26.tgz#c0267ca09ae84631aa3dc33f65bedbe6e8e0d772"
  integrity sha512-sFP4cgEKTCymBBKgoxZjYzlSovC20Y6J7y3nanDc5RoBIXKlZhoYwBoZGe3flwU6A372AcRwScH8KiwV6zjy1g==
  dependencies:
    moment ">= 2.9.0"

"moment@>= 2.9.0", moment@^2.24.0:
  version "2.24.0"
  resolved "https://registry.yarnpkg.com/moment/-/moment-2.24.0.tgz#0d055d53f5052aa653c9f6eb68bb5d12bf5c2b5b"
  integrity sha512-bV7f+6l2QigeBBZSM/6yTNq4P2fNpSWj/0e7jQcy87A8e7o2nAfP/34/2ky5Vw4B9S446EtIhodAzkFCcR4dQg==

ms@^2.1.1:
  version "2.1.2"
  resolved "https://registry.yarnpkg.com/ms/-/ms-2.1.2.tgz#d09d1f357b443f493382a8eb3ccd183872ae6009"
  integrity sha512-sGkPx+VjMtmA6MX27oA4FBFELFCZZ4S4XqeGOXCv68tT+jb3vk/RyaKWP0PTKyWtmLSM0b+adUTEvbs1PEaH2w==

prelude-ls@~1.1.2:
  version "1.1.2"
  resolved "https://registry.yarnpkg.com/prelude-ls/-/prelude-ls-1.1.2.tgz#21932a549f5e52ffd9a827f570e04be62a97da54"
  integrity sha1-IZMqVJ9eUv/ZqCf1cOBL5iqX2lQ=

put@:
  version "0.0.6"
  resolved "https://registry.yarnpkg.com/put/-/put-0.0.6.tgz#30f5f60bd6e4389bd329e16a25386cbb2e4a00a3"
  integrity sha1-MPX2C9bkOJvTKeFqJThsuy5KAKM=

retry-as-promised@^3.1.0:
  version "3.2.0"
  resolved "https://registry.yarnpkg.com/retry-as-promised/-/retry-as-promised-3.2.0.tgz#769f63d536bec4783549db0777cb56dadd9d8543"
  integrity sha512-CybGs60B7oYU/qSQ6kuaFmRd9sTZ6oXSc0toqePvV74Ac6/IFZSI1ReFQmtCN+uvW1Mtqdwpvt/LGOiCBAY2Mg==
  dependencies:
    any-promise "^1.3.0"

semver@^6.1.1:
  version "6.2.0"
  resolved "https://registry.yarnpkg.com/semver/-/semver-6.2.0.tgz#4d813d9590aaf8a9192693d6c85b9344de5901db"
  integrity sha512-jdFC1VdUGT/2Scgbimf7FSx9iJLXoqfglSF+gJeuNWVpiE37OIbc1jywR/GJyFdz3mnkz2/id0L0J/cr0izR5A==

sequelize-pool@^2.3.0:
  version "2.3.0"
  resolved "https://registry.yarnpkg.com/sequelize-pool/-/sequelize-pool-2.3.0.tgz#64f1fe8744228172c474f530604b6133be64993d"
  integrity sha512-Ibz08vnXvkZ8LJTiUOxRcj1Ckdn7qafNZ2t59jYHMX1VIebTAOYefWdRYFt6z6+hy52WGthAHAoLc9hvk3onqA==

sequelize@^5.10.0:
  version "5.10.0"
  resolved "https://registry.yarnpkg.com/sequelize/-/sequelize-5.10.0.tgz#ffa72622d11fee87e002c6e7cfa68c1674755dd3"
  integrity sha512-hceVQKM9WmdB1aM+F+Ach8aZrU7RMyPeXFol7de0HRo+GkAqSl054WB4a00CRVnZ/73/EdpXRJMKNLIjraSmOg==
  dependencies:
    bluebird "^3.5.0"
    cls-bluebird "^2.1.0"
    debug "^4.1.1"
    dottie "^2.0.0"
    inflection "1.12.0"
    lodash "^4.17.11"
    moment "^2.24.0"
    moment-timezone "^0.5.21"
    retry-as-promised "^3.1.0"
    semver "^6.1.1"
    sequelize-pool "^2.3.0"
    toposort-class "^1.0.1"
    uuid "^3.2.1"
    validator "^10.11.0"
    wkx "^0.4.6"

shimmer@^1.1.0:
  version "1.2.1"
  resolved "https://registry.yarnpkg.com/shimmer/-/shimmer-1.2.1.tgz#610859f7de327b587efebf501fb43117f9aff337"
  integrity sha512-sQTKC1Re/rM6XyFM6fIAGHRPVGvyXfgzIDvzoq608vM+jeyVD0Tu1E6Np0Kc2zAIFWIj963V2800iF/9LPieQw==

sphinx-promise@^1.0.5:
  version "1.0.5"
  resolved "https://registry.yarnpkg.com/sphinx-promise/-/sphinx-promise-1.0.5.tgz#e2a5d929bd38cfe1ab40af8ff43535f780e3684b"
  integrity sha1-4qXZKb04z+GrQK+P9DU194DjaEs=
  dependencies:
    bluebird "^3.4.6"
    deap "^1.0.0"
    sphinxapi "^1.2.1"
    type-check "^0.3.2"

sphinxapi@^1.2.1:
  version "1.3.0"
  resolved "https://registry.yarnpkg.com/sphinxapi/-/sphinxapi-1.3.0.tgz#07d8edaee3942030348d3b0cb9743d2e82244682"
  integrity sha512-jFuIhP2UCSOqH+BT0WLsyGGsDGfhDTsJp6bWmpTo9IbyvTsICnXdNrYzQPzXV3FrzOWqmko0WESU0yBKN/6W/Q==
  dependencies:
    bufferpack ">=0.0.6"
    debug ">=0.5.0"
    put ""

toposort-class@^1.0.1:
  version "1.0.1"
  resolved "https://registry.yarnpkg.com/toposort-class/-/toposort-class-1.0.1.tgz#7ffd1f78c8be28c3ba45cd4e1a3f5ee193bd9988"
  integrity sha1-f/0feMi+KMO6Rc1OGj9e4ZO9mYg=

type-check@^0.3.2:
  version "0.3.2"
  resolved "https://registry.yarnpkg.com/type-check/-/type-check-0.3.2.tgz#5884cab512cf1d355e3fb784f30804b2b520db72"
  integrity sha1-WITKtRLPHTVeP7eE8wgEsrUg23I=
  dependencies:
    prelude-ls "~1.1.2"

uuid@^3.2.1:
  version "3.3.2"
  resolved "https://registry.yarnpkg.com/uuid/-/uuid-3.3.2.tgz#1b4af4955eb3077c501c23872fc6513811587131"
  integrity sha512-yXJmeNaw3DnnKAOKJE51sL/ZaYfWJRl1pK9dr19YFCu0ObS231AB1/LbqTKRAQ5kw8A90rA6fr4riOUpTZvQZA==

validator@^10.11.0:
  version "10.11.0"
  resolved "https://registry.yarnpkg.com/validator/-/validator-10.11.0.tgz#003108ea6e9a9874d31ccc9e5006856ccd76b228"
  integrity sha512-X/p3UZerAIsbBfN/IwahhYaBbY68EN/UQBWHtsbXGT5bfrH/p4NQzUCG1kF/rtKaNpnJ7jAu6NGTdSNtyNIXMw==

wkx@^0.4.6:
  version "0.4.7"
  resolved "https://registry.yarnpkg.com/wkx/-/wkx-0.4.7.tgz#ba0e4f9e785e95c9975856c1834f19a95c65cfb5"
  integrity sha512-pHf546L96TK8RradLt1cWaIffstgv/zXZ14CGz5KnBs1AxBX0wm+IDphjJw0qrEqRv8P9W9CdTt8Z1unMRZ19A==
  dependencies:
    "@types/node" "*"
